
Microsoft Visual Studio Solution File, Format Version 12.00
# Visual Studio 14
VisualStudioVersion = 14.0.25420.1
MinimumVisualStudioVersion = 10.0.40219.1
Project("{2150E333-8FDC-42A3-9474-1A3956D46DE8}") = "src", "src", "{6E2C5444-7E72-4CCB-8F26-5A98A4C8CAC0}"
EndProject
Project("{2150E333-8FDC-42A3-9474-1A3956D46DE8}") = "Solution Items", "Solution Items", "{25F0AB8B-AC48-42B1-90BD-F185D221A1DE}"
	ProjectSection(SolutionItems) = preProject
		global.json = global.json
	EndProjectSection
EndProject
Project("{8BB2217D-0F2D-49D1-97BC-3654ED321F3B}") = "GameShop.Contracts", "src\GameShop.Contracts\GameShop.Contracts.xproj", "{ED29456A-407F-4BE3-8355-694F349DE52D}"
EndProject
Project("{8BB2217D-0F2D-49D1-97BC-3654ED321F3B}") = "GameShop.Api", "src\GameShop.Api\GameShop.Api.xproj", "{54A7D81C-9ABE-44B4-AA2E-1FF68CD0F3B1}"
EndProject
Project("{8BB2217D-0F2D-49D1-97BC-3654ED321F3B}") = "GameShop.Api.Contracts", "src\Gameshop.Api.Contracts\GameShop.Api.Contracts.xproj", "{BC89E84D-A2FC-4CB0-A047-39FE908E6E6A}"
EndProject
Project("{8BB2217D-0F2D-49D1-97BC-3654ED321F3B}") = "GameShop.Web", "src\GameShop.Web\GameShop.Web.xproj", "{CF590812-6CD3-41ED-A151-D42F519D803D}"
EndProject
Project("{8BB2217D-0F2D-49D1-97BC-3654ED321F3B}") = "GameShop.Console", "src\GameShop.Console\GameShop.Console.xproj", "{BDDDFDEE-E2B1-4873-9A73-E99D9E33E7B4}"
EndProject
Project("{8BB2217D-0F2D-49D1-97BC-3654ED321F3B}") = "GameShop.Data.Contracts", "src\GameShop.Data.Contracts\GameShop.Data.Contracts.xproj", "{40CED162-4C17-4D4D-94E0-52BB4B797188}"
EndProject
Project("{8BB2217D-0F2D-49D1-97BC-3654ED321F3B}") = "GameShop.Data", "src\GameShop.Data\GameShop.Data.xproj", "{B87B0E74-7488-4C7E-A8D6-2E60A6F2240C}"
EndProject
Project("{8BB2217D-0F2D-49D1-97BC-3654ED321F3B}") = "GameShop.Data.EF", "src\GameShop.Data.EF\GameShop.Data.EF.xproj", "{8FDB40DA-B1FD-4A92-80B7-27ECB940CA47}"
EndProject
Project("{8BB2217D-0F2D-49D1-97BC-3654ED321F3B}") = "GameShop.Data.EF.Migrator", "src\GameShop.Data.EF.Migrations\GameShop.Data.EF.Migrator.xproj", "{A508B831-D0CF-4B5C-8091-5122CFCC603A}"
EndProject
Global
	GlobalSection(SolutionConfigurationPlatforms) = preSolution
		Debug|Any CPU = Debug|Any CPU
		Release|Any CPU = Release|Any CPU
	EndGlobalSection
	GlobalSection(ProjectConfigurationPlatforms) = postSolution
		{ED29456A-407F-4BE3-8355-694F349DE52D}.Debug|Any CPU.ActiveCfg = Debug|Any CPU
		{ED29456A-407F-4BE3-8355-694F349DE52D}.Debug|Any CPU.Build.0 = Debug|Any CPU
		{ED29456A-407F-4BE3-8355-694F349DE52D}.Release|Any CPU.ActiveCfg = Release|Any CPU
		{ED29456A-407F-4BE3-8355-694F349DE52D}.Release|Any CPU.Build.0 = Release|Any CPU
		{54A7D81C-9ABE-44B4-AA2E-1FF68CD0F3B1}.Debug|Any CPU.ActiveCfg = Debug|Any CPU
		{54A7D81C-9ABE-44B4-AA2E-1FF68CD0F3B1}.Debug|Any CPU.Build.0 = Debug|Any CPU
		{54A7D81C-9ABE-44B4-AA2E-1FF68CD0F3B1}.Release|Any CPU.ActiveCfg = Release|Any CPU
		{54A7D81C-9ABE-44B4-AA2E-1FF68CD0F3B1}.Release|Any CPU.Build.0 = Release|Any CPU
		{BC89E84D-A2FC-4CB0-A047-39FE908E6E6A}.Debug|Any CPU.ActiveCfg = Debug|Any CPU
		{BC89E84D-A2FC-4CB0-A047-39FE908E6E6A}.Debug|Any CPU.Build.0 = Debug|Any CPU
		{BC89E84D-A2FC-4CB0-A047-39FE908E6E6A}.Release|Any CPU.ActiveCfg = Release|Any CPU
		{BC89E84D-A2FC-4CB0-A047-39FE908E6E6A}.Release|Any CPU.Build.0 = Release|Any CPU
		{CF590812-6CD3-41ED-A151-D42F519D803D}.Debug|Any CPU.ActiveCfg = Debug|Any CPU
		{CF590812-6CD3-41ED-A151-D42F519D803D}.Debug|Any CPU.Build.0 = Debug|Any CPU
		{CF590812-6CD3-41ED-A151-D42F519D803D}.Release|Any CPU.ActiveCfg = Release|Any CPU
		{CF590812-6CD3-41ED-A151-D42F519D803D}.Release|Any CPU.Build.0 = Release|Any CPU
		{BDDDFDEE-E2B1-4873-9A73-E99D9E33E7B4}.Debug|Any CPU.ActiveCfg = Debug|Any CPU
		{BDDDFDEE-E2B1-4873-9A73-E99D9E33E7B4}.Debug|Any CPU.Build.0 = Debug|Any CPU
		{BDDDFDEE-E2B1-4873-9A73-E99D9E33E7B4}.Release|Any CPU.ActiveCfg = Release|Any CPU
		{BDDDFDEE-E2B1-4873-9A73-E99D9E33E7B4}.Release|Any CPU.Build.0 = Release|Any CPU
		{40CED162-4C17-4D4D-94E0-52BB4B797188}.Debug|Any CPU.ActiveCfg = Debug|Any CPU
		{40CED162-4C17-4D4D-94E0-52BB4B797188}.Debug|Any CPU.Build.0 = Debug|Any CPU
		{40CED162-4C17-4D4D-94E0-52BB4B797188}.Release|Any CPU.ActiveCfg = Release|Any CPU
		{40CED162-4C17-4D4D-94E0-52BB4B797188}.Release|Any CPU.Build.0 = Release|Any CPU
		{B87B0E74-7488-4C7E-A8D6-2E60A6F2240C}.Debug|Any CPU.ActiveCfg = Debug|Any CPU
		{B87B0E74-7488-4C7E-A8D6-2E60A6F2240C}.Debug|Any CPU.Build.0 = Debug|Any CPU
		{B87B0E74-7488-4C7E-A8D6-2E60A6F2240C}.Release|Any CPU.ActiveCfg = Release|Any CPU
		{B87B0E74-7488-4C7E-A8D6-2E60A6F2240C}.Release|Any CPU.Build.0 = Release|Any CPU
		{8FDB40DA-B1FD-4A92-80B7-27ECB940CA47}.Debug|Any CPU.ActiveCfg = Debug|Any CPU
		{8FDB40DA-B1FD-4A92-80B7-27ECB940CA47}.Debug|Any CPU.Build.0 = Debug|Any CPU
		{8FDB40DA-B1FD-4A92-80B7-27ECB940CA47}.Release|Any CPU.ActiveCfg = Release|Any CPU
		{8FDB40DA-B1FD-4A92-80B7-27ECB940CA47}.Release|Any CPU.Build.0 = Release|Any CPU
		{A508B831-D0CF-4B5C-8091-5122CFCC603A}.Debug|Any CPU.ActiveCfg = Debug|Any CPU
		{A508B831-D0CF-4B5C-8091-5122CFCC603A}.Debug|Any CPU.Build.0 = Debug|Any CPU
		{A508B831-D0CF-4B5C-8091-5122CFCC603A}.Release|Any CPU.ActiveCfg = Release|Any CPU
		{A508B831-D0CF-4B5C-8091-5122CFCC603A}.Release|Any CPU.Build.0 = Release|Any CPU
	EndGlobalSection
	GlobalSection(SolutionProperties) = preSolution
		HideSolutionNode = FALSE
	EndGlobalSection
	GlobalSection(NestedProjects) = preSolution
		{ED29456A-407F-4BE3-8355-694F349DE52D} = {6E2C5444-7E72-4CCB-8F26-5A98A4C8CAC0}
		{54A7D81C-9ABE-44B4-AA2E-1FF68CD0F3B1} = {6E2C5444-7E72-4CCB-8F26-5A98A4C8CAC0}
		{BC89E84D-A2FC-4CB0-A047-39FE908E6E6A} = {6E2C5444-7E72-4CCB-8F26-5A98A4C8CAC0}
		{CF590812-6CD3-41ED-A151-D42F519D803D} = {6E2C5444-7E72-4CCB-8F26-5A98A4C8CAC0}
		{BDDDFDEE-E2B1-4873-9A73-E99D9E33E7B4} = {6E2C5444-7E72-4CCB-8F26-5A98A4C8CAC0}
		{40CED162-4C17-4D4D-94E0-52BB4B797188} = {6E2C5444-7E72-4CCB-8F26-5A98A4C8CAC0}
		{B87B0E74-7488-4C7E-A8D6-2E60A6F2240C} = {6E2C5444-7E72-4CCB-8F26-5A98A4C8CAC0}
		{8FDB40DA-B1FD-4A92-80B7-27ECB940CA47} = {6E2C5444-7E72-4CCB-8F26-5A98A4C8CAC0}
		{A508B831-D0CF-4B5C-8091-5122CFCC603A} = {6E2C5444-7E72-4CCB-8F26-5A98A4C8CAC0}
	EndGlobalSection
EndGlobal
